
Microsoft Visual Studio Solution File, Format Version 12.00
# Visual Studio 15
VisualStudioVersion = 15.0.27703.2047
MinimumVisualStudioVersion = 10.0.40219.1
Project("{FAE04EC0-301F-11D3-BF4B-00C04F79EFBC}") = "Entidades", "Entidades\Entidades.csproj", "{11EA4A06-4F03-4803-BE4A-B39DCC324DFF}"
EndProject
Project("{FAE04EC0-301F-11D3-BF4B-00C04F79EFBC}") = "frmAltaAlumno", "frmAltaAlumno\frmAltaAlumno.csproj", "{A1D7F551-09C2-415D-8B12-EF48FC961A0E}"
EndProject
Global
	GlobalSection(SolutionConfigurationPlatforms) = preSolution
		Debug|Any CPU = Debug|Any CPU
		Release|Any CPU = Release|Any CPU
	EndGlobalSection
	GlobalSection(ProjectConfigurationPlatforms) = postSolution
		{11EA4A06-4F03-4803-BE4A-B39DCC324DFF}.Debug|Any CPU.ActiveCfg = Debug|Any CPU
		{11EA4A06-4F03-4803-BE4A-B39DCC324DFF}.Debug|Any CPU.Build.0 = Debug|Any CPU
		{11EA4A06-4F03-4803-BE4A-B39DCC324DFF}.Release|Any CPU.ActiveCfg = Release|Any CPU
		{11EA4A06-4F03-4803-BE4A-B39DCC324DFF}.Release|Any CPU.Build.0 = Release|Any CPU
		{A1D7F551-09C2-415D-8B12-EF48FC961A0E}.Debug|Any CPU.ActiveCfg = Debug|Any CPU
		{A1D7F551-09C2-415D-8B12-EF48FC961A0E}.Debug|Any CPU.Build.0 = Debug|Any CPU
		{A1D7F551-09C2-415D-8B12-EF48FC961A0E}.Release|Any CPU.ActiveCfg = Release|Any CPU
		{A1D7F551-09C2-415D-8B12-EF48FC961A0E}.Release|Any CPU.Build.0 = Release|Any CPU
	EndGlobalSection
	GlobalSection(SolutionProperties) = preSolution
		HideSolutionNode = FALSE
	EndGlobalSection
	GlobalSection(ExtensibilityGlobals) = postSolution
		SolutionGuid = {75377967-0576-48D1-851B-8A52FF5C40C4}
	EndGlobalSection
EndGlobal
