
Microsoft Visual Studio Solution File, Format Version 12.00
# Visual Studio 15
VisualStudioVersion = 15.0.27703.2047
MinimumVisualStudioVersion = 10.0.40219.1
Project("{FAE04EC0-301F-11D3-BF4B-00C04F79EFBC}") = "Serializacion", "Serializacion\Serializacion.csproj", "{50F5093B-FE9E-412D-A5F8-21846F790A83}"
EndProject
Global
	GlobalSection(SolutionConfigurationPlatforms) = preSolution
		Debug|Any CPU = Debug|Any CPU
		Release|Any CPU = Release|Any CPU
	EndGlobalSection
	GlobalSection(ProjectConfigurationPlatforms) = postSolution
		{50F5093B-FE9E-412D-A5F8-21846F790A83}.Debug|Any CPU.ActiveCfg = Debug|Any CPU
		{50F5093B-FE9E-412D-A5F8-21846F790A83}.Debug|Any CPU.Build.0 = Debug|Any CPU
		{50F5093B-FE9E-412D-A5F8-21846F790A83}.Release|Any CPU.ActiveCfg = Release|Any CPU
		{50F5093B-FE9E-412D-A5F8-21846F790A83}.Release|Any CPU.Build.0 = Release|Any CPU
	EndGlobalSection
	GlobalSection(SolutionProperties) = preSolution
		HideSolutionNode = FALSE
	EndGlobalSection
	GlobalSection(ExtensibilityGlobals) = postSolution
		SolutionGuid = {61BA830A-8362-477F-B380-813EF84E9DE5}
	EndGlobalSection
EndGlobal
