
Microsoft Visual Studio Solution File, Format Version 12.00
# Visual Studio 15
VisualStudioVersion = 15.0.27703.2047
MinimumVisualStudioVersion = 10.0.40219.1
Project("{FAE04EC0-301F-11D3-BF4B-00C04F79EFBC}") = "Clase1_ej1", "Clase1\Clase1_ej1.csproj", "{20B5F0A5-3C06-4285-8056-E639C25AE4A9}"
EndProject
Project("{FAE04EC0-301F-11D3-BF4B-00C04F79EFBC}") = "Clase1_ej2", "Clase1_ej2\Clase1_ej2.csproj", "{081E348F-ED52-4FD7-BF35-5C4825448281}"
EndProject
Project("{FAE04EC0-301F-11D3-BF4B-00C04F79EFBC}") = "Clase1_ej3", "Clase1_ej3\Clase1_ej3.csproj", "{A3472A3E-AFF0-4C6A-9439-23D2962E556E}"
EndProject
Project("{FAE04EC0-301F-11D3-BF4B-00C04F79EFBC}") = "Clase1_ej4", "Clase1_ej4}\Clase1_ej4.csproj", "{AA84B338-A104-4B0A-B7E0-BF6A15984536}"
EndProject
Project("{FAE04EC0-301F-11D3-BF4B-00C04F79EFBC}") = "Clase1_ej5", "Clase1_ej5\Clase1_ej5.csproj", "{147212EF-B1DA-482F-8E68-541951AA9CB5}"
EndProject
Project("{FAE04EC0-301F-11D3-BF4B-00C04F79EFBC}") = "Clase1_ej6", "Clase1_ej6\Clase1_ej6.csproj", "{7E2762DD-06D0-471F-9228-9BCE829F8643}"
EndProject
Project("{FAE04EC0-301F-11D3-BF4B-00C04F79EFBC}") = "Clase1_ej7", "Clase1_ej7\Clase1_ej7.csproj", "{83A1A79C-808F-4ED9-8277-CB613BC21C68}"
EndProject
Global
	GlobalSection(SolutionConfigurationPlatforms) = preSolution
		Debug|Any CPU = Debug|Any CPU
		Release|Any CPU = Release|Any CPU
	EndGlobalSection
	GlobalSection(ProjectConfigurationPlatforms) = postSolution
		{20B5F0A5-3C06-4285-8056-E639C25AE4A9}.Debug|Any CPU.ActiveCfg = Debug|Any CPU
		{20B5F0A5-3C06-4285-8056-E639C25AE4A9}.Debug|Any CPU.Build.0 = Debug|Any CPU
		{20B5F0A5-3C06-4285-8056-E639C25AE4A9}.Release|Any CPU.ActiveCfg = Release|Any CPU
		{20B5F0A5-3C06-4285-8056-E639C25AE4A9}.Release|Any CPU.Build.0 = Release|Any CPU
		{081E348F-ED52-4FD7-BF35-5C4825448281}.Debug|Any CPU.ActiveCfg = Debug|Any CPU
		{081E348F-ED52-4FD7-BF35-5C4825448281}.Debug|Any CPU.Build.0 = Debug|Any CPU
		{081E348F-ED52-4FD7-BF35-5C4825448281}.Release|Any CPU.ActiveCfg = Release|Any CPU
		{081E348F-ED52-4FD7-BF35-5C4825448281}.Release|Any CPU.Build.0 = Release|Any CPU
		{A3472A3E-AFF0-4C6A-9439-23D2962E556E}.Debug|Any CPU.ActiveCfg = Debug|Any CPU
		{A3472A3E-AFF0-4C6A-9439-23D2962E556E}.Debug|Any CPU.Build.0 = Debug|Any CPU
		{A3472A3E-AFF0-4C6A-9439-23D2962E556E}.Release|Any CPU.ActiveCfg = Release|Any CPU
		{A3472A3E-AFF0-4C6A-9439-23D2962E556E}.Release|Any CPU.Build.0 = Release|Any CPU
		{AA84B338-A104-4B0A-B7E0-BF6A15984536}.Debug|Any CPU.ActiveCfg = Debug|Any CPU
		{AA84B338-A104-4B0A-B7E0-BF6A15984536}.Debug|Any CPU.Build.0 = Debug|Any CPU
		{AA84B338-A104-4B0A-B7E0-BF6A15984536}.Release|Any CPU.ActiveCfg = Release|Any CPU
		{AA84B338-A104-4B0A-B7E0-BF6A15984536}.Release|Any CPU.Build.0 = Release|Any CPU
		{147212EF-B1DA-482F-8E68-541951AA9CB5}.Debug|Any CPU.ActiveCfg = Debug|Any CPU
		{147212EF-B1DA-482F-8E68-541951AA9CB5}.Debug|Any CPU.Build.0 = Debug|Any CPU
		{147212EF-B1DA-482F-8E68-541951AA9CB5}.Release|Any CPU.ActiveCfg = Release|Any CPU
		{147212EF-B1DA-482F-8E68-541951AA9CB5}.Release|Any CPU.Build.0 = Release|Any CPU
		{7E2762DD-06D0-471F-9228-9BCE829F8643}.Debug|Any CPU.ActiveCfg = Debug|Any CPU
		{7E2762DD-06D0-471F-9228-9BCE829F8643}.Debug|Any CPU.Build.0 = Debug|Any CPU
		{7E2762DD-06D0-471F-9228-9BCE829F8643}.Release|Any CPU.ActiveCfg = Release|Any CPU
		{7E2762DD-06D0-471F-9228-9BCE829F8643}.Release|Any CPU.Build.0 = Release|Any CPU
		{83A1A79C-808F-4ED9-8277-CB613BC21C68}.Debug|Any CPU.ActiveCfg = Debug|Any CPU
		{83A1A79C-808F-4ED9-8277-CB613BC21C68}.Debug|Any CPU.Build.0 = Debug|Any CPU
		{83A1A79C-808F-4ED9-8277-CB613BC21C68}.Release|Any CPU.ActiveCfg = Release|Any CPU
		{83A1A79C-808F-4ED9-8277-CB613BC21C68}.Release|Any CPU.Build.0 = Release|Any CPU
	EndGlobalSection
	GlobalSection(SolutionProperties) = preSolution
		HideSolutionNode = FALSE
	EndGlobalSection
	GlobalSection(ExtensibilityGlobals) = postSolution
		SolutionGuid = {B260C998-43A6-422F-BC0A-345B4F781B3F}
	EndGlobalSection
EndGlobal
