
Microsoft Visual Studio Solution File, Format Version 12.00
# Visual Studio 15
VisualStudioVersion = 15.0.27703.2047
MinimumVisualStudioVersion = 10.0.40219.1
Project("{FAE04EC0-301F-11D3-BF4B-00C04F79EFBC}") = "ConversorBinario", "ConversorBinario\ConversorBinario.csproj", "{2D0DCA20-884B-4FF7-A7A6-C2AC4B1650E2}"
EndProject
Project("{FAE04EC0-301F-11D3-BF4B-00C04F79EFBC}") = "Entidades", "..\Tp1\Entidades\Entidades\Entidades.csproj", "{68743B89-E289-4ABB-8D4A-5C40A9E7A363}"
EndProject
Global
	GlobalSection(SolutionConfigurationPlatforms) = preSolution
		Debug|Any CPU = Debug|Any CPU
		Release|Any CPU = Release|Any CPU
	EndGlobalSection
	GlobalSection(ProjectConfigurationPlatforms) = postSolution
		{2D0DCA20-884B-4FF7-A7A6-C2AC4B1650E2}.Debug|Any CPU.ActiveCfg = Debug|Any CPU
		{2D0DCA20-884B-4FF7-A7A6-C2AC4B1650E2}.Debug|Any CPU.Build.0 = Debug|Any CPU
		{2D0DCA20-884B-4FF7-A7A6-C2AC4B1650E2}.Release|Any CPU.ActiveCfg = Release|Any CPU
		{2D0DCA20-884B-4FF7-A7A6-C2AC4B1650E2}.Release|Any CPU.Build.0 = Release|Any CPU
		{68743B89-E289-4ABB-8D4A-5C40A9E7A363}.Debug|Any CPU.ActiveCfg = Debug|Any CPU
		{68743B89-E289-4ABB-8D4A-5C40A9E7A363}.Debug|Any CPU.Build.0 = Debug|Any CPU
		{68743B89-E289-4ABB-8D4A-5C40A9E7A363}.Release|Any CPU.ActiveCfg = Release|Any CPU
		{68743B89-E289-4ABB-8D4A-5C40A9E7A363}.Release|Any CPU.Build.0 = Release|Any CPU
	EndGlobalSection
	GlobalSection(SolutionProperties) = preSolution
		HideSolutionNode = FALSE
	EndGlobalSection
	GlobalSection(ExtensibilityGlobals) = postSolution
		SolutionGuid = {006D3F52-9FFD-4BA2-BC9E-AB05D43DB2D6}
	EndGlobalSection
EndGlobal
