
Microsoft Visual Studio Solution File, Format Version 12.00
# Visual Studio 15
VisualStudioVersion = 15.0.27703.2047
MinimumVisualStudioVersion = 10.0.40219.1
Project("{FAE04EC0-301F-11D3-BF4B-00C04F79EFBC}") = "CentralitaHerencia", "Ej_37\CentralitaHerencia.csproj", "{2E679961-8AC4-46AF-94B9-0387B1656A17}"
EndProject
Project("{FAE04EC0-301F-11D3-BF4B-00C04F79EFBC}") = "Test", "Test\Test.csproj", "{B2FE2F9B-5173-4663-9B54-24E850023434}"
EndProject
Global
	GlobalSection(SolutionConfigurationPlatforms) = preSolution
		Debug|Any CPU = Debug|Any CPU
		Release|Any CPU = Release|Any CPU
	EndGlobalSection
	GlobalSection(ProjectConfigurationPlatforms) = postSolution
		{2E679961-8AC4-46AF-94B9-0387B1656A17}.Debug|Any CPU.ActiveCfg = Debug|Any CPU
		{2E679961-8AC4-46AF-94B9-0387B1656A17}.Debug|Any CPU.Build.0 = Debug|Any CPU
		{2E679961-8AC4-46AF-94B9-0387B1656A17}.Release|Any CPU.ActiveCfg = Release|Any CPU
		{2E679961-8AC4-46AF-94B9-0387B1656A17}.Release|Any CPU.Build.0 = Release|Any CPU
		{B2FE2F9B-5173-4663-9B54-24E850023434}.Debug|Any CPU.ActiveCfg = Debug|Any CPU
		{B2FE2F9B-5173-4663-9B54-24E850023434}.Debug|Any CPU.Build.0 = Debug|Any CPU
		{B2FE2F9B-5173-4663-9B54-24E850023434}.Release|Any CPU.ActiveCfg = Release|Any CPU
		{B2FE2F9B-5173-4663-9B54-24E850023434}.Release|Any CPU.Build.0 = Release|Any CPU
	EndGlobalSection
	GlobalSection(SolutionProperties) = preSolution
		HideSolutionNode = FALSE
	EndGlobalSection
	GlobalSection(ExtensibilityGlobals) = postSolution
		SolutionGuid = {4FC20458-730F-4EB4-A0DE-DCB87F02799D}
	EndGlobalSection
EndGlobal
