
Microsoft Visual Studio Solution File, Format Version 12.00
# Visual Studio 15
VisualStudioVersion = 15.0.27703.2047
MinimumVisualStudioVersion = 10.0.40219.1
Project("{FAE04EC0-301F-11D3-BF4B-00C04F79EFBC}") = "Test", "Test\Test.csproj", "{5CBFA973-38DD-451B-A0CD-6E9E691969C8}"
EndProject
Project("{FAE04EC0-301F-11D3-BF4B-00C04F79EFBC}") = "Financiera", "EntidadFinanciera\Financiera.csproj", "{FBF994BF-F3FC-4458-9651-8C53350E307C}"
EndProject
Global
	GlobalSection(SolutionConfigurationPlatforms) = preSolution
		Debug|Any CPU = Debug|Any CPU
		Release|Any CPU = Release|Any CPU
	EndGlobalSection
	GlobalSection(ProjectConfigurationPlatforms) = postSolution
		{5CBFA973-38DD-451B-A0CD-6E9E691969C8}.Debug|Any CPU.ActiveCfg = Debug|Any CPU
		{5CBFA973-38DD-451B-A0CD-6E9E691969C8}.Debug|Any CPU.Build.0 = Debug|Any CPU
		{5CBFA973-38DD-451B-A0CD-6E9E691969C8}.Release|Any CPU.ActiveCfg = Release|Any CPU
		{5CBFA973-38DD-451B-A0CD-6E9E691969C8}.Release|Any CPU.Build.0 = Release|Any CPU
		{FBF994BF-F3FC-4458-9651-8C53350E307C}.Debug|Any CPU.ActiveCfg = Debug|Any CPU
		{FBF994BF-F3FC-4458-9651-8C53350E307C}.Debug|Any CPU.Build.0 = Debug|Any CPU
		{FBF994BF-F3FC-4458-9651-8C53350E307C}.Release|Any CPU.ActiveCfg = Release|Any CPU
		{FBF994BF-F3FC-4458-9651-8C53350E307C}.Release|Any CPU.Build.0 = Release|Any CPU
	EndGlobalSection
	GlobalSection(SolutionProperties) = preSolution
		HideSolutionNode = FALSE
	EndGlobalSection
	GlobalSection(ExtensibilityGlobals) = postSolution
		SolutionGuid = {198CABDD-B3BC-4E2A-A922-A6A82D7B8656}
	EndGlobalSection
EndGlobal
