
Microsoft Visual Studio Solution File, Format Version 12.00
# Visual Studio 15
VisualStudioVersion = 15.0.27703.2047
MinimumVisualStudioVersion = 10.0.40219.1
Project("{FAE04EC0-301F-11D3-BF4B-00C04F79EFBC}") = "Hora", "Hora\Hora.csproj", "{2A92EFFC-92FE-42D6-9757-CA1D0CDCF630}"
EndProject
Global
	GlobalSection(SolutionConfigurationPlatforms) = preSolution
		Debug|Any CPU = Debug|Any CPU
		Release|Any CPU = Release|Any CPU
	EndGlobalSection
	GlobalSection(ProjectConfigurationPlatforms) = postSolution
		{2A92EFFC-92FE-42D6-9757-CA1D0CDCF630}.Debug|Any CPU.ActiveCfg = Debug|Any CPU
		{2A92EFFC-92FE-42D6-9757-CA1D0CDCF630}.Debug|Any CPU.Build.0 = Debug|Any CPU
		{2A92EFFC-92FE-42D6-9757-CA1D0CDCF630}.Release|Any CPU.ActiveCfg = Release|Any CPU
		{2A92EFFC-92FE-42D6-9757-CA1D0CDCF630}.Release|Any CPU.Build.0 = Release|Any CPU
	EndGlobalSection
	GlobalSection(SolutionProperties) = preSolution
		HideSolutionNode = FALSE
	EndGlobalSection
	GlobalSection(ExtensibilityGlobals) = postSolution
		SolutionGuid = {0C82A626-6DE7-40A0-A85E-5C1194CB2C95}
	EndGlobalSection
EndGlobal
