
Microsoft Visual Studio Solution File, Format Version 12.00
# Visual Studio 14
VisualStudioVersion = 14.0.25420.1
MinimumVisualStudioVersion = 10.0.40219.1
Project("{FAE04EC0-301F-11D3-BF4B-00C04F79EFBC}") = "Objetos_ej16", "Objetos_ej16\Objetos_ej16.csproj", "{0ED18267-B80B-4F98-A3A2-FDFBBDFD55E6}"
EndProject
Global
	GlobalSection(SolutionConfigurationPlatforms) = preSolution
		Debug|Any CPU = Debug|Any CPU
		Release|Any CPU = Release|Any CPU
	EndGlobalSection
	GlobalSection(ProjectConfigurationPlatforms) = postSolution
		{0ED18267-B80B-4F98-A3A2-FDFBBDFD55E6}.Debug|Any CPU.ActiveCfg = Debug|Any CPU
		{0ED18267-B80B-4F98-A3A2-FDFBBDFD55E6}.Debug|Any CPU.Build.0 = Debug|Any CPU
		{0ED18267-B80B-4F98-A3A2-FDFBBDFD55E6}.Release|Any CPU.ActiveCfg = Release|Any CPU
		{0ED18267-B80B-4F98-A3A2-FDFBBDFD55E6}.Release|Any CPU.Build.0 = Release|Any CPU
	EndGlobalSection
	GlobalSection(SolutionProperties) = preSolution
		HideSolutionNode = FALSE
	EndGlobalSection
EndGlobal
