
Microsoft Visual Studio Solution File, Format Version 12.00
# Visual Studio 15
VisualStudioVersion = 15.0.27703.2047
MinimumVisualStudioVersion = 10.0.40219.1
Project("{FAE04EC0-301F-11D3-BF4B-00C04F79EFBC}") = "Ej_52", "Ej_52\Ej_52.csproj", "{EDCE2AB2-32D4-4943-B063-40A5E7954735}"
EndProject
Project("{FAE04EC0-301F-11D3-BF4B-00C04F79EFBC}") = "Programa", "Programa\Programa.csproj", "{B20ABDAA-E54A-4927-9268-FE7F44410BE3}"
EndProject
Global
	GlobalSection(SolutionConfigurationPlatforms) = preSolution
		Debug|Any CPU = Debug|Any CPU
		Release|Any CPU = Release|Any CPU
	EndGlobalSection
	GlobalSection(ProjectConfigurationPlatforms) = postSolution
		{EDCE2AB2-32D4-4943-B063-40A5E7954735}.Debug|Any CPU.ActiveCfg = Debug|Any CPU
		{EDCE2AB2-32D4-4943-B063-40A5E7954735}.Debug|Any CPU.Build.0 = Debug|Any CPU
		{EDCE2AB2-32D4-4943-B063-40A5E7954735}.Release|Any CPU.ActiveCfg = Release|Any CPU
		{EDCE2AB2-32D4-4943-B063-40A5E7954735}.Release|Any CPU.Build.0 = Release|Any CPU
		{B20ABDAA-E54A-4927-9268-FE7F44410BE3}.Debug|Any CPU.ActiveCfg = Debug|Any CPU
		{B20ABDAA-E54A-4927-9268-FE7F44410BE3}.Debug|Any CPU.Build.0 = Debug|Any CPU
		{B20ABDAA-E54A-4927-9268-FE7F44410BE3}.Release|Any CPU.ActiveCfg = Release|Any CPU
		{B20ABDAA-E54A-4927-9268-FE7F44410BE3}.Release|Any CPU.Build.0 = Release|Any CPU
	EndGlobalSection
	GlobalSection(SolutionProperties) = preSolution
		HideSolutionNode = FALSE
	EndGlobalSection
	GlobalSection(ExtensibilityGlobals) = postSolution
		SolutionGuid = {B9BDCD03-EC47-4546-B912-EFA537512F58}
	EndGlobalSection
EndGlobal
