
Microsoft Visual Studio Solution File, Format Version 12.00
# Visual Studio 15
VisualStudioVersion = 15.0.27703.2047
MinimumVisualStudioVersion = 10.0.40219.1
Project("{FAE04EC0-301F-11D3-BF4B-00C04F79EFBC}") = "Tp1Template", "Tp1Template\Tp1Template.csproj", "{ED9D745B-31E0-4915-B5C9-9C23A203FD9E}"
EndProject
Global
	GlobalSection(SolutionConfigurationPlatforms) = preSolution
		Debug|Any CPU = Debug|Any CPU
		Release|Any CPU = Release|Any CPU
	EndGlobalSection
	GlobalSection(ProjectConfigurationPlatforms) = postSolution
		{ED9D745B-31E0-4915-B5C9-9C23A203FD9E}.Debug|Any CPU.ActiveCfg = Debug|Any CPU
		{ED9D745B-31E0-4915-B5C9-9C23A203FD9E}.Debug|Any CPU.Build.0 = Debug|Any CPU
		{ED9D745B-31E0-4915-B5C9-9C23A203FD9E}.Release|Any CPU.ActiveCfg = Release|Any CPU
		{ED9D745B-31E0-4915-B5C9-9C23A203FD9E}.Release|Any CPU.Build.0 = Release|Any CPU
	EndGlobalSection
	GlobalSection(SolutionProperties) = preSolution
		HideSolutionNode = FALSE
	EndGlobalSection
	GlobalSection(ExtensibilityGlobals) = postSolution
		SolutionGuid = {763ADB95-DA7B-4E2F-ADD5-4A98B4062764}
	EndGlobalSection
EndGlobal
