
Microsoft Visual Studio Solution File, Format Version 12.00
# Visual Studio 15
VisualStudioVersion = 15.0.27703.2047
MinimumVisualStudioVersion = 10.0.40219.1
Project("{FAE04EC0-301F-11D3-BF4B-00C04F79EFBC}") = "Entidades", "Entidades\Entidades.csproj", "{7E8AEE7C-2095-42D3-81B0-0F0CFA8C95CD}"
EndProject
Project("{FAE04EC0-301F-11D3-BF4B-00C04F79EFBC}") = "ConsoleApp1", "ConsoleApp1\ConsoleApp1.csproj", "{FEBF994B-8BEC-4E2B-8CC1-CD72EE41C61B}"
EndProject
Global
	GlobalSection(SolutionConfigurationPlatforms) = preSolution
		Debug|Any CPU = Debug|Any CPU
		Release|Any CPU = Release|Any CPU
	EndGlobalSection
	GlobalSection(ProjectConfigurationPlatforms) = postSolution
		{7E8AEE7C-2095-42D3-81B0-0F0CFA8C95CD}.Debug|Any CPU.ActiveCfg = Debug|Any CPU
		{7E8AEE7C-2095-42D3-81B0-0F0CFA8C95CD}.Debug|Any CPU.Build.0 = Debug|Any CPU
		{7E8AEE7C-2095-42D3-81B0-0F0CFA8C95CD}.Release|Any CPU.ActiveCfg = Release|Any CPU
		{7E8AEE7C-2095-42D3-81B0-0F0CFA8C95CD}.Release|Any CPU.Build.0 = Release|Any CPU
		{FEBF994B-8BEC-4E2B-8CC1-CD72EE41C61B}.Debug|Any CPU.ActiveCfg = Debug|Any CPU
		{FEBF994B-8BEC-4E2B-8CC1-CD72EE41C61B}.Debug|Any CPU.Build.0 = Debug|Any CPU
		{FEBF994B-8BEC-4E2B-8CC1-CD72EE41C61B}.Release|Any CPU.ActiveCfg = Release|Any CPU
		{FEBF994B-8BEC-4E2B-8CC1-CD72EE41C61B}.Release|Any CPU.Build.0 = Release|Any CPU
	EndGlobalSection
	GlobalSection(SolutionProperties) = preSolution
		HideSolutionNode = FALSE
	EndGlobalSection
	GlobalSection(ExtensibilityGlobals) = postSolution
		SolutionGuid = {A14EBDF6-0C77-4812-8E1D-6B0E4C9EFDCA}
	EndGlobalSection
EndGlobal
