
Microsoft Visual Studio Solution File, Format Version 12.00
# Visual Studio 15
VisualStudioVersion = 15.0.27703.2047
MinimumVisualStudioVersion = 10.0.40219.1
Project("{FAE04EC0-301F-11D3-BF4B-00C04F79EFBC}") = "Serializacion", "Serializacion\Serializacion.csproj", "{DEA98423-F603-47D0-9F9A-C26E0B878964}"
EndProject
Project("{FAE04EC0-301F-11D3-BF4B-00C04F79EFBC}") = "Consola", "Consola\Consola.csproj", "{70625A49-4039-4D4E-A0F1-8929038AF231}"
EndProject
Global
	GlobalSection(SolutionConfigurationPlatforms) = preSolution
		Debug|Any CPU = Debug|Any CPU
		Release|Any CPU = Release|Any CPU
	EndGlobalSection
	GlobalSection(ProjectConfigurationPlatforms) = postSolution
		{DEA98423-F603-47D0-9F9A-C26E0B878964}.Debug|Any CPU.ActiveCfg = Debug|Any CPU
		{DEA98423-F603-47D0-9F9A-C26E0B878964}.Debug|Any CPU.Build.0 = Debug|Any CPU
		{DEA98423-F603-47D0-9F9A-C26E0B878964}.Release|Any CPU.ActiveCfg = Release|Any CPU
		{DEA98423-F603-47D0-9F9A-C26E0B878964}.Release|Any CPU.Build.0 = Release|Any CPU
		{70625A49-4039-4D4E-A0F1-8929038AF231}.Debug|Any CPU.ActiveCfg = Debug|Any CPU
		{70625A49-4039-4D4E-A0F1-8929038AF231}.Debug|Any CPU.Build.0 = Debug|Any CPU
		{70625A49-4039-4D4E-A0F1-8929038AF231}.Release|Any CPU.ActiveCfg = Release|Any CPU
		{70625A49-4039-4D4E-A0F1-8929038AF231}.Release|Any CPU.Build.0 = Release|Any CPU
	EndGlobalSection
	GlobalSection(SolutionProperties) = preSolution
		HideSolutionNode = FALSE
	EndGlobalSection
	GlobalSection(ExtensibilityGlobals) = postSolution
		SolutionGuid = {CE1F6227-9655-4043-B1D6-592BE3642972}
	EndGlobalSection
EndGlobal
