
Microsoft Visual Studio Solution File, Format Version 12.00
# Visual Studio 15
VisualStudioVersion = 15.0.27703.2047
MinimumVisualStudioVersion = 10.0.40219.1
Project("{FAE04EC0-301F-11D3-BF4B-00C04F79EFBC}") = "Ej_41", "Ej_41\Ej_41.csproj", "{3198B5AA-DB6B-4AFB-9A29-669839CB7083}"
EndProject
Project("{FAE04EC0-301F-11D3-BF4B-00C04F79EFBC}") = "Tests", "Tests\Tests.csproj", "{93B0BF5A-3A3A-4D1C-AB31-26A8C373011A}"
EndProject
Global
	GlobalSection(SolutionConfigurationPlatforms) = preSolution
		Debug|Any CPU = Debug|Any CPU
		Release|Any CPU = Release|Any CPU
	EndGlobalSection
	GlobalSection(ProjectConfigurationPlatforms) = postSolution
		{3198B5AA-DB6B-4AFB-9A29-669839CB7083}.Debug|Any CPU.ActiveCfg = Debug|Any CPU
		{3198B5AA-DB6B-4AFB-9A29-669839CB7083}.Debug|Any CPU.Build.0 = Debug|Any CPU
		{3198B5AA-DB6B-4AFB-9A29-669839CB7083}.Release|Any CPU.ActiveCfg = Release|Any CPU
		{3198B5AA-DB6B-4AFB-9A29-669839CB7083}.Release|Any CPU.Build.0 = Release|Any CPU
		{93B0BF5A-3A3A-4D1C-AB31-26A8C373011A}.Debug|Any CPU.ActiveCfg = Debug|Any CPU
		{93B0BF5A-3A3A-4D1C-AB31-26A8C373011A}.Debug|Any CPU.Build.0 = Debug|Any CPU
		{93B0BF5A-3A3A-4D1C-AB31-26A8C373011A}.Release|Any CPU.ActiveCfg = Release|Any CPU
		{93B0BF5A-3A3A-4D1C-AB31-26A8C373011A}.Release|Any CPU.Build.0 = Release|Any CPU
	EndGlobalSection
	GlobalSection(SolutionProperties) = preSolution
		HideSolutionNode = FALSE
	EndGlobalSection
	GlobalSection(ExtensibilityGlobals) = postSolution
		SolutionGuid = {35B2D24E-2A69-4D58-A150-EC8877CEF42F}
	EndGlobalSection
EndGlobal
